
Microsoft Visual Studio Solution File, Format Version 12.00
# Visual Studio Version 17
VisualStudioVersion = 17.8.34511.84
MinimumVisualStudioVersion = 10.0.40219.1
Project("{FAE04EC0-301F-11D3-BF4B-00C04F79EFBC}") = "Aula01", "Aula01\Aula01.csproj", "{22903EA9-7814-4A5F-B1DE-95596A1344D3}"
EndProject
Project("{FAE04EC0-301F-11D3-BF4B-00C04F79EFBC}") = "BibliotecaClass", "BibliotecaClass\BibliotecaClass.csproj", "{5E087BB1-73F1-4079-A612-5A213689C5F6}"
EndProject
Global
	GlobalSection(SolutionConfigurationPlatforms) = preSolution
		Debug|Any CPU = Debug|Any CPU
		Release|Any CPU = Release|Any CPU
	EndGlobalSection
	GlobalSection(ProjectConfigurationPlatforms) = postSolution
		{22903EA9-7814-4A5F-B1DE-95596A1344D3}.Debug|Any CPU.ActiveCfg = Debug|Any CPU
		{22903EA9-7814-4A5F-B1DE-95596A1344D3}.Debug|Any CPU.Build.0 = Debug|Any CPU
		{22903EA9-7814-4A5F-B1DE-95596A1344D3}.Release|Any CPU.ActiveCfg = Release|Any CPU
		{22903EA9-7814-4A5F-B1DE-95596A1344D3}.Release|Any CPU.Build.0 = Release|Any CPU
		{5E087BB1-73F1-4079-A612-5A213689C5F6}.Debug|Any CPU.ActiveCfg = Debug|Any CPU
		{5E087BB1-73F1-4079-A612-5A213689C5F6}.Debug|Any CPU.Build.0 = Debug|Any CPU
		{5E087BB1-73F1-4079-A612-5A213689C5F6}.Release|Any CPU.ActiveCfg = Release|Any CPU
		{5E087BB1-73F1-4079-A612-5A213689C5F6}.Release|Any CPU.Build.0 = Release|Any CPU
	EndGlobalSection
	GlobalSection(SolutionProperties) = preSolution
		HideSolutionNode = FALSE
	EndGlobalSection
	GlobalSection(ExtensibilityGlobals) = postSolution
		SolutionGuid = {7DA0A179-A05F-4CCE-B13E-7C1A172B6DF7}
	EndGlobalSection
EndGlobal
